{
  "name": "miniprogram-test-2",
  "version": "1.0.0",
  "lockfileVersion": 1,
  "requires": true,
  "dependencies": {
    "@babel/runtime": {
      "version": "7.4.5",
      "resolved": "https://registry.npmjs.org/@babel/runtime/-/runtime-7.4.5.tgz",
      "integrity": "sha512-TuI4qpWZP6lGOGIuGWtp9sPluqYICmbk8T/1vpSysqJxRPkudh/ofFWyqdcMsDf2s7KvDL4/YHgKyvcS3g9CJQ==",
      "requires": {
        "regenerator-runtime": "^0.13.2"
      }
    },
    "@qcharts/core": {
      "version": "git+https://github.com/spritejs/q-charts.git#4de6f7768530f5af3fb21a11fc512b36d698ce0d",
      "from": "git+https://github.com/spritejs/q-charts.git",
      "requires": {
        "@spritejs/shapes": "^1.1.5"
      }
    },
    "@spritejs/shapes": {
      "version": "1.1.5",
      "resolved": "https://registry.npmjs.org/@spritejs/shapes/-/shapes-1.1.5.tgz",
      "integrity": "sha512-Ikncs9idy5pZTZgwM3Ej5XCLjP/kssVE4JbILuREIGKRSvUFl58dbHpoKibt0ka79SY2vb5VGnSbtlcdROvszg==",
      "requires": {
        "@babel/runtime": "^7.2.0",
        "sprite-draggable": "0.1.15",
        "svg-path-to-canvas": "^1.11.3"
      }
    },
    "@spritejs/wxapp": {
      "version": "1.11.3",
      "resolved": "https://registry.npm.taobao.org/@spritejs/wxapp/download/@spritejs/wxapp-1.11.3.tgz",
      "integrity": "sha1-Hc6IIrLUr6BSyThmZtSPixjY9Zs=",
      "requires": {
        "babel-decorators-runtime": "^0.2.0",
        "babel-runtime": "^6.26.0",
        "sprite-core": "^2.31.3"
      }
    },
    "abs-svg-path": {
      "version": "0.1.1",
      "resolved": "https://registry.npmjs.org/abs-svg-path/-/abs-svg-path-0.1.1.tgz",
      "integrity": "sha1-32Acjo0roQ1KdtYl4japo5wnI78="
    },
    "ansi-regex": {
      "version": "2.1.1",
      "resolved": "https://registry.npm.taobao.org/ansi-regex/download/ansi-regex-2.1.1.tgz",
      "integrity": "sha1-w7M6te42DYbg5ijwRorn7yfWVN8="
    },
    "ansi-styles": {
      "version": "2.2.1",
      "resolved": "https://registry.npm.taobao.org/ansi-styles/download/ansi-styles-2.2.1.tgz?cache=0&other_urls=https%3A%2F%2Fregistry.npm.taobao.org%2Fansi-styles%2Fdownload%2Fansi-styles-2.2.1.tgz",
      "integrity": "sha1-tDLdM1i2NM914eRmQ2gkBTPB3b4="
    },
    "babel-code-frame": {
      "version": "6.26.0",
      "resolved": "http://registry.npm.taobao.org/babel-code-frame/download/babel-code-frame-6.26.0.tgz",
      "integrity": "sha1-Y/1D99weO7fONZR9uP42mj9Yx0s=",
      "requires": {
        "chalk": "^1.1.3",
        "esutils": "^2.0.2",
        "js-tokens": "^3.0.2"
      }
    },
    "babel-decorators-runtime": {
      "version": "0.2.0",
      "resolved": "http://registry.npm.taobao.org/babel-decorators-runtime/download/babel-decorators-runtime-0.2.0.tgz",
      "integrity": "sha1-v8fqJAlCszje6gDoVqR1IL5wfYw=",
      "requires": {
        "babel-plugin-syntax-decorators": "^6.1.18",
        "babel-runtime": "^6.2.0",
        "babel-template": "^6.3.0"
      }
    },
    "babel-messages": {
      "version": "6.23.0",
      "resolved": "http://registry.npm.taobao.org/babel-messages/download/babel-messages-6.23.0.tgz",
      "integrity": "sha1-8830cDhYA1sqKVHG7F7fbGLyYw4=",
      "requires": {
        "babel-runtime": "^6.22.0"
      }
    },
    "babel-plugin-syntax-decorators": {
      "version": "6.13.0",
      "resolved": "http://registry.npm.taobao.org/babel-plugin-syntax-decorators/download/babel-plugin-syntax-decorators-6.13.0.tgz",
      "integrity": "sha1-MSVjtNvePMgGzuPkFszurd0RrAs="
    },
    "babel-runtime": {
      "version": "6.26.0",
      "resolved": "https://registry.npmjs.org/babel-runtime/-/babel-runtime-6.26.0.tgz",
      "integrity": "sha1-llxwWGaOgrVde/4E/yM3vItWR/4=",
      "requires": {
        "core-js": "^2.4.0",
        "regenerator-runtime": "^0.11.0"
      },
      "dependencies": {
        "regenerator-runtime": {
          "version": "0.11.1",
          "resolved": "https://registry.npmjs.org/regenerator-runtime/-/regenerator-runtime-0.11.1.tgz",
          "integrity": "sha512-MguG95oij0fC3QV3URf4V2SDYGJhJnJGqvIIgdECeODCT98wSWDAJ94SSuVpYQUoTcGUIL6L4yNB7j1DFFHSBg=="
        }
      }
    },
    "babel-template": {
      "version": "6.26.0",
      "resolved": "http://registry.npm.taobao.org/babel-template/download/babel-template-6.26.0.tgz",
      "integrity": "sha1-3gPi0WOWsGn0bdn/+FIfsaDjXgI=",
      "requires": {
        "babel-runtime": "^6.26.0",
        "babel-traverse": "^6.26.0",
        "babel-types": "^6.26.0",
        "babylon": "^6.18.0",
        "lodash": "^4.17.4"
      }
    },
    "babel-traverse": {
      "version": "6.26.0",
      "resolved": "http://registry.npm.taobao.org/babel-traverse/download/babel-traverse-6.26.0.tgz",
      "integrity": "sha1-RqnL1+3MYsjlwGTi0tjQ9ANXZu4=",
      "requires": {
        "babel-code-frame": "^6.26.0",
        "babel-messages": "^6.23.0",
        "babel-runtime": "^6.26.0",
        "babel-types": "^6.26.0",
        "babylon": "^6.18.0",
        "debug": "^2.6.8",
        "globals": "^9.18.0",
        "invariant": "^2.2.2",
        "lodash": "^4.17.4"
      }
    },
    "babel-types": {
      "version": "6.26.0",
      "resolved": "http://registry.npm.taobao.org/babel-types/download/babel-types-6.26.0.tgz",
      "integrity": "sha1-o7Bz+Uq0nrb6Vc1lInozQ4BjJJc=",
      "requires": {
        "babel-runtime": "^6.26.0",
        "esutils": "^2.0.2",
        "lodash": "^4.17.4",
        "to-fast-properties": "^1.0.3"
      }
    },
    "babylon": {
      "version": "6.18.0",
      "resolved": "http://registry.npm.taobao.org/babylon/download/babylon-6.18.0.tgz",
      "integrity": "sha1-ry87iPpvXB5MY00aD46sT1WzleM="
    },
    "base64-arraybuffer": {
      "version": "0.2.0",
      "resolved": "https://registry.npm.taobao.org/base64-arraybuffer/download/base64-arraybuffer-0.2.0.tgz",
      "integrity": "sha1-S5RPrAGRqlkHr+LYyZnMxXzoD0U="
    },
    "bezier-easing": {
      "version": "2.1.0",
      "resolved": "http://registry.npm.taobao.org/bezier-easing/download/bezier-easing-2.1.0.tgz",
      "integrity": "sha1-wE3+i5JtbsrKGBPWn/F5t8ICXYY="
    },
    "boolbase": {
      "version": "1.0.0",
      "resolved": "http://registry.npm.taobao.org/boolbase/download/boolbase-1.0.0.tgz",
      "integrity": "sha1-aN/1++YMUes3cl6p4+0xDcwed24="
    },
    "chalk": {
      "version": "1.1.3",
      "resolved": "https://registry.npm.taobao.org/chalk/download/chalk-1.1.3.tgz",
      "integrity": "sha1-qBFcVeSnAv5NFQq9OHKCKn4J/Jg=",
      "requires": {
        "ansi-styles": "^2.2.1",
        "escape-string-regexp": "^1.0.2",
        "has-ansi": "^2.0.0",
        "strip-ansi": "^3.0.0",
        "supports-color": "^2.0.0"
      }
    },
    "color-name": {
      "version": "1.1.4",
      "resolved": "http://registry.npm.taobao.org/color-name/download/color-name-1.1.4.tgz",
      "integrity": "sha1-wqCah6y95pVD3m9j+jmVyCbFNqI="
    },
    "color-string": {
      "version": "1.5.3",
      "resolved": "http://registry.npm.taobao.org/color-string/download/color-string-1.5.3.tgz",
      "integrity": "sha1-ybvF8BtYtUkvPWhXRZy2WQziBMw=",
      "requires": {
        "color-name": "^1.0.0",
        "simple-swizzle": "^0.2.2"
      }
    },
    "core-js": {
      "version": "2.6.9",
      "resolved": "https://registry.npmjs.org/core-js/-/core-js-2.6.9.tgz",
      "integrity": "sha512-HOpZf6eXmnl7la+cUdMnLvUxKNqLUzJvgIziQ0DiF3JwSImNphIqdGqzj6hIKyX04MmV0poclQ7+wjWvxQyR2A=="
    },
    "css-line-break": {
      "version": "1.1.1",
      "resolved": "https://registry.npm.taobao.org/css-line-break/download/css-line-break-1.1.1.tgz",
      "integrity": "sha1-1em90peEAJnrBQPHMQ/TSSegJu8=",
      "requires": {
        "base64-arraybuffer": "^0.2.0"
      }
    },
    "css-select": {
      "version": "2.0.2",
      "resolved": "http://registry.npm.taobao.org/css-select/download/css-select-2.0.2.tgz",
      "integrity": "sha1-q0OGzsnh9miFVWSxfDcztDsqXt4=",
      "requires": {
        "boolbase": "^1.0.0",
        "css-what": "^2.1.2",
        "domutils": "^1.7.0",
        "nth-check": "^1.0.2"
      }
    },
    "css-what": {
      "version": "2.1.3",
      "resolved": "https://registry.npm.taobao.org/css-what/download/css-what-2.1.3.tgz",
      "integrity": "sha1-ptdgRXM2X+dGhsPzEcVlE9iChfI="
    },
    "debug": {
      "version": "2.6.9",
      "resolved": "http://registry.npm.taobao.org/debug/download/debug-2.6.9.tgz",
      "integrity": "sha1-XRKFFd8TT/Mn6QpMk/Tgd6U2NB8=",
      "requires": {
        "ms": "2.0.0"
      }
    },
    "dom-serializer": {
      "version": "0.1.1",
      "resolved": "https://registry.npm.taobao.org/dom-serializer/download/dom-serializer-0.1.1.tgz",
      "integrity": "sha1-HsQFnihLq+027sKUHUqXChic58A=",
      "requires": {
        "domelementtype": "^1.3.0",
        "entities": "^1.1.1"
      }
    },
    "domelementtype": {
      "version": "1.3.1",
      "resolved": "http://registry.npm.taobao.org/domelementtype/download/domelementtype-1.3.1.tgz",
      "integrity": "sha1-0EjESzew0Qp/Kj1f7j9DM9eQSB8="
    },
    "domutils": {
      "version": "1.7.0",
      "resolved": "http://registry.npm.taobao.org/domutils/download/domutils-1.7.0.tgz",
      "integrity": "sha1-Vuo0HoNOBuZ0ivehyyXaZ+qfjCo=",
      "requires": {
        "dom-serializer": "0",
        "domelementtype": "1"
      }
    },
    "entities": {
      "version": "1.1.2",
      "resolved": "http://registry.npm.taobao.org/entities/download/entities-1.1.2.tgz",
      "integrity": "sha1-vfpzUplmTfr9NFKe1PhSKidf6lY="
    },
    "escape-string-regexp": {
      "version": "1.0.5",
      "resolved": "https://registry.npm.taobao.org/escape-string-regexp/download/escape-string-regexp-1.0.5.tgz?cache=0&other_urls=https%3A%2F%2Fregistry.npm.taobao.org%2Fescape-string-regexp%2Fdownload%2Fescape-string-regexp-1.0.5.tgz",
      "integrity": "sha1-G2HAViGQqN/2rjuyzwIAyhMLhtQ="
    },
    "esutils": {
      "version": "2.0.2",
      "resolved": "http://registry.npm.taobao.org/esutils/download/esutils-2.0.2.tgz",
      "integrity": "sha1-Cr9PHKpbyx96nYrMbepPqqBLrJs="
    },
    "globals": {
      "version": "9.18.0",
      "resolved": "https://registry.npm.taobao.org/globals/download/globals-9.18.0.tgz",
      "integrity": "sha1-qjiWs+abSH8X4x7SFD1pqOMMLYo="
    },
    "has-ansi": {
      "version": "2.0.0",
      "resolved": "http://registry.npm.taobao.org/has-ansi/download/has-ansi-2.0.0.tgz",
      "integrity": "sha1-NPUEnOHs3ysGSa8+8k5F7TVBbZE=",
      "requires": {
        "ansi-regex": "^2.0.0"
      }
    },
    "invariant": {
      "version": "2.2.4",
      "resolved": "http://registry.npm.taobao.org/invariant/download/invariant-2.2.4.tgz",
      "integrity": "sha1-YQ88ksk1nOHbYW5TgAjSP/NRWOY=",
      "requires": {
        "loose-envify": "^1.0.0"
      }
    },
    "is-arrayish": {
      "version": "0.3.2",
      "resolved": "http://registry.npm.taobao.org/is-arrayish/download/is-arrayish-0.3.2.tgz",
      "integrity": "sha1-RXSirlb3qyBolvtDHq7tBm/fjwM="
    },
    "isarray": {
      "version": "0.0.1",
      "resolved": "https://registry.npmjs.org/isarray/-/isarray-0.0.1.tgz",
      "integrity": "sha1-ihis/Kmo9Bd+Cav8YDiTmwXR7t8="
    },
    "js-tokens": {
      "version": "3.0.2",
      "resolved": "https://registry.npm.taobao.org/js-tokens/download/js-tokens-3.0.2.tgz",
      "integrity": "sha1-mGbfOVECEw449/mWvOtlRDIJwls="
    },
    "lodash": {
      "version": "4.17.11",
      "resolved": "http://registry.npm.taobao.org/lodash/download/lodash-4.17.11.tgz",
      "integrity": "sha1-s56mIp72B+zYniyN8SU2iRysm40="
    },
    "loose-envify": {
      "version": "1.4.0",
      "resolved": "http://registry.npm.taobao.org/loose-envify/download/loose-envify-1.4.0.tgz",
      "integrity": "sha1-ce5R+nvkyuwaY4OffmgtgTLTDK8=",
      "requires": {
        "js-tokens": "^3.0.0 || ^4.0.0"
      }
    },
    "ms": {
      "version": "2.0.0",
      "resolved": "https://registry.npm.taobao.org/ms/download/ms-2.0.0.tgz?cache=0&other_urls=https%3A%2F%2Fregistry.npm.taobao.org%2Fms%2Fdownload%2Fms-2.0.0.tgz",
      "integrity": "sha1-VgiurfwAvmwpAd9fmGF4jeDVl8g="
    },
    "nth-check": {
      "version": "1.0.2",
      "resolved": "http://registry.npm.taobao.org/nth-check/download/nth-check-1.0.2.tgz",
      "integrity": "sha1-sr0pXDfj3VijvwcAN2Zjuk2c8Fw=",
      "requires": {
        "boolbase": "~1.0.0"
      }
    },
    "parse-svg-path": {
      "version": "0.1.2",
      "resolved": "https://registry.npmjs.org/parse-svg-path/-/parse-svg-path-0.1.2.tgz",
      "integrity": "sha1-en7A0esG+lMlx9PgCbhZoJtdSes="
    },
    "point-at-length": {
      "version": "1.1.0",
      "resolved": "https://registry.npmjs.org/point-at-length/-/point-at-length-1.1.0.tgz",
      "integrity": "sha1-CtcuvQmA1/WhqxIpbAVfnrazDlc=",
      "requires": {
        "abs-svg-path": "~0.1.1",
        "isarray": "~0.0.1",
        "parse-svg-path": "~0.1.1"
      }
    },
    "regenerator-runtime": {
      "version": "0.13.2",
      "resolved": "https://registry.npmjs.org/regenerator-runtime/-/regenerator-runtime-0.13.2.tgz",
      "integrity": "sha512-S/TQAZJO+D3m9xeN1WTI8dLKBBiRgXBlTJvbWjCThHWZj9EvHK70Ff50/tYj2J/fvBY6JtFVwRuazHN2E7M9BA=="
    },
    "simple-swizzle": {
      "version": "0.2.2",
      "resolved": "http://registry.npm.taobao.org/simple-swizzle/download/simple-swizzle-0.2.2.tgz",
      "integrity": "sha1-pNprY1/8zMoz9w0Xy5JZLeleVXo=",
      "requires": {
        "is-arrayish": "^0.3.1"
      }
    },
    "sprite-animator": {
      "version": "1.11.4",
      "resolved": "http://registry.npm.taobao.org/sprite-animator/download/sprite-animator-1.11.4.tgz",
      "integrity": "sha1-cniw7JG000JKjreWiJkY6HeMx+Q=",
      "requires": {
        "babel-runtime": "^6.26.0",
        "bezier-easing": "^2.0.3",
        "sprite-timeline": "^1.10.2"
      }
    },
    "sprite-core": {
      "version": "2.31.3",
      "resolved": "https://registry.npm.taobao.org/sprite-core/download/sprite-core-2.31.3.tgz?cache=0&sync_timestamp=1561367927514&other_urls=https%3A%2F%2Fregistry.npm.taobao.org%2Fsprite-core%2Fdownload%2Fsprite-core-2.31.3.tgz",
      "integrity": "sha1-zSbzjaKCGyAXAq8Eaq98rlAXzaE=",
      "requires": {
        "@babel/runtime": "^7.2.0",
        "color-string": "^1.5.3",
        "css-line-break": "^1.0.1",
        "css-select": "^2.0.2",
        "sprite-animator": "^1.11.4",
        "sprite-flex-layout": "^1.0.7",
        "sprite-math": "^1.0.5",
        "svg-path-to-canvas": "^1.11.3"
      }
    },
    "sprite-draggable": {
      "version": "0.1.15",
      "resolved": "https://registry.npmjs.org/sprite-draggable/-/sprite-draggable-0.1.15.tgz",
      "integrity": "sha512-00sjp0CxSU5PGjIc54ifbNiw9i3jT+Fl2LkrTDwj0WXTZ+t7/fpfPXzqoF3V/GiE6rvS4nh1B0JgLQHBFEtFXg==",
      "requires": {
        "sprite-math": "^1.0.5"
      }
    },
    "sprite-flex-layout": {
      "version": "1.0.7",
      "resolved": "http://registry.npm.taobao.org/sprite-flex-layout/download/sprite-flex-layout-1.0.7.tgz",
      "integrity": "sha1-jeYIGpiRyo8IhBJRyr9JNY3Nja8=",
      "requires": {
        "babel-runtime": "^6.26.0"
      }
    },
    "sprite-math": {
      "version": "1.0.5",
      "resolved": "https://registry.npmjs.org/sprite-math/-/sprite-math-1.0.5.tgz",
      "integrity": "sha512-7B6Tr7zdI8kdAAUBYmd8mNLKPuyprdQY4JKPrHcFF01wcT5OYUV40SYczBJAvTc7mn+giOm+1+rfrbYQqsZh+A==",
      "requires": {
        "babel-runtime": "^6.26.0"
      }
    },
    "sprite-timeline": {
      "version": "1.10.2",
      "resolved": "http://registry.npm.taobao.org/sprite-timeline/download/sprite-timeline-1.10.2.tgz",
      "integrity": "sha1-IPsBKwAmI/6O9fPxblpdE2TAedA=",
      "requires": {
        "babel-runtime": "^6.26.0"
      }
    },
    "strip-ansi": {
      "version": "3.0.1",
      "resolved": "https://registry.npm.taobao.org/strip-ansi/download/strip-ansi-3.0.1.tgz",
      "integrity": "sha1-ajhfuIU9lS1f8F0Oiq+UJ43GPc8=",
      "requires": {
        "ansi-regex": "^2.0.0"
      }
    },
    "supports-color": {
      "version": "2.0.0",
      "resolved": "https://registry.npm.taobao.org/supports-color/download/supports-color-2.0.0.tgz",
      "integrity": "sha1-U10EXOa2Nj+kARcIRimZXp3zJMc="
    },
    "svg-path-to-canvas": {
      "version": "1.11.3",
      "resolved": "https://registry.npmjs.org/svg-path-to-canvas/-/svg-path-to-canvas-1.11.3.tgz",
      "integrity": "sha512-9zk/GcFgnv59XCc594QRgyCbmEJAvqn1CaQlCfHG8qoQVkKad7/br3UYFOAtq5VcheFjih+lF071yOEVKpNUKQ==",
      "requires": {
        "babel-runtime": "^6.26.0",
        "point-at-length": "^1.1.0",
        "sprite-math": "^1.0.5"
      }
    },
    "to-fast-properties": {
      "version": "1.0.3",
      "resolved": "http://registry.npm.taobao.org/to-fast-properties/download/to-fast-properties-1.0.3.tgz",
      "integrity": "sha1-uDVx+k2MJbguIxsG46MFXeTKGkc="
    }
  }
}
